PODS:
  - Realm (4.0.0):
    - Realm/Headers (= 4.0.0)
  - Realm/Headers (4.0.0)
  - RealmSwift (4.0.0):
    - Realm (= 4.0.0)
  - Savior (1.2.0):
    - Savior/Realm (= 1.2.0)
  - Savior/Core (1.2.0)
  - Savior/Realm (1.2.0):
    - RealmSwift
    - Savior/Core

DEPENDENCIES:
  - Savior (from `../`)

SPEC REPOS:
  trunk:
    - Realm
    - RealmSwift

EXTERNAL SOURCES:
  Savior:
    :path: "../"

SPEC CHECKSUMS:
  Realm: 0c5b8f398daeec5b29824e41c453ff9e126e31d8
  RealmSwift: 02e1f604f7091ec535145055764ca53efa8cdc92
  Savior: 2ae2c0aba7dcf0389b42dd87c8f2b35f767fb235

PODFILE CHECKSUM: 7d792c8f61c00e213c780325e9d2c989cbde0590

COCOAPODS: 1.8.4
