PODS:
  - Realm (3.11.2):
    - Realm/Headers (= 3.11.2)
  - Realm/Headers (3.11.2)
  - RealmSwift (3.11.2):
    - Realm (= 3.11.2)
  - Savior (1.0.0):
    - Savior/Realm (= 1.0.0)
  - Savior/Core (1.0.0)
  - Savior/Realm (1.0.0):
    - RealmSwift
    - Savior/Core

DEPENDENCIES:
  - Savior (from `../`)

SPEC REPOS:
  https://github.com/cocoapods/specs.git:
    - Realm
    - RealmSwift

EXTERNAL SOURCES:
  Savior:
    :path: "../"

SPEC CHECKSUMS:
  Realm: 864477d028db77f7c5a0cba64a4892ad53db128a
  RealmSwift: 12b8262fc08020b47de4fd88eb3d5c9425b34ec7
  Savior: 97dbf734e7e5dccec797b3180eb577509c29a0ec

PODFILE CHECKSUM: d7649d8ecea5f874a199ff23ba35b5899d5616a6

COCOAPODS: 1.5.3
